// !$*UTF8*$!
{
	archiveVersion = 1;
	classes = {
	};
	objectVersion = 55;
	objects = {

/* Begin PBXBuildFile section */
		9F416650288D2CDD00374F8E /* AppDelegate.swift in Sources */ = {isa = PBXBuildFile; fileRef = 9F41664F288D2CDD00374F8E /* AppDelegate.swift */; };
		9F416652288D2CDD00374F8E /* SceneDelegate.swift in Sources */ = {isa = PBXBuildFile; fileRef = 9F416651288D2CDD00374F8E /* SceneDelegate.swift */; };
		9F416659288D2CDF00374F8E /* Assets.xcassets in Resources */ = {isa = PBXBuildFile; fileRef = 9F416658288D2CDF00374F8E /* Assets.xcassets */; };
		9F41665C288D2CDF00374F8E /* LaunchScreen.storyboard in Resources */ = {isa = PBXBuildFile; fileRef = 9F41665A288D2CDF00374F8E /* LaunchScreen.storyboard */; };
		9F416668288D307600374F8E /* LoginViewController.swift in Sources */ = {isa = PBXBuildFile; fileRef = 9F416667288D307600374F8E /* LoginViewController.swift */; };
		9F41666B288D7B1E00374F8E /* LoginView.swift in Sources */ = {isa = PBXBuildFile; fileRef = 9F41666A288D7B1E00374F8E /* LoginView.swift */; };
		9F4166702892535300374F8E /* UserDataModel.swift in Sources */ = {isa = PBXBuildFile; fileRef = 9F41666F2892535300374F8E /* UserDataModel.swift */; };
		9F416672289274C700374F8E /* MainTabBarController.swift in Sources */ = {isa = PBXBuildFile; fileRef = 9F416671289274C700374F8E /* MainTabBarController.swift */; };
		9F4166762892832900374F8E /* ProfileViewController.swift in Sources */ = {isa = PBXBuildFile; fileRef = 9F4166752892832900374F8E /* ProfileViewController.swift */; };
		9F41667F2892BF8A00374F8E /* NetworkService.swift in Sources */ = {isa = PBXBuildFile; fileRef = 9F41667C2892BF8A00374F8E /* NetworkService.swift */; };
		9F4166802892BF8A00374F8E /* DataFetcherService.swift in Sources */ = {isa = PBXBuildFile; fileRef = 9F41667D2892BF8A00374F8E /* DataFetcherService.swift */; };
		9F4166812892BF8A00374F8E /* NetworkDataFetcher.swift in Sources */ = {isa = PBXBuildFile; fileRef = 9F41667E2892BF8A00374F8E /* NetworkDataFetcher.swift */; };
		9F41668328931FB400374F8E /* CoinsModel.swift in Sources */ = {isa = PBXBuildFile; fileRef = 9F41668228931FB400374F8E /* CoinsModel.swift */; };
		9F4166862893A67D00374F8E /* CoinsTableViewCell.swift in Sources */ = {isa = PBXBuildFile; fileRef = 9F4166852893A67C00374F8E /* CoinsTableViewCell.swift */; };
		9F4166882893A98C00374F8E /* CoinsViewController.swift in Sources */ = {isa = PBXBuildFile; fileRef = 9F4166872893A98C00374F8E /* CoinsViewController.swift */; };
		9F41668C2895BDB900374F8E /* SortBy.swift in Sources */ = {isa = PBXBuildFile; fileRef = 9F41668B2895BDB900374F8E /* SortBy.swift */; };
		9F416690289966FF00374F8E /* ModalViewController.swift in Sources */ = {isa = PBXBuildFile; fileRef = 9F41668F289966FF00374F8E /* ModalViewController.swift */; };
		9F4166922899B6F700374F8E /* SortViewCell.swift in Sources */ = {isa = PBXBuildFile; fileRef = 9F4166912899B6F700374F8E /* SortViewCell.swift */; };
		9F416694289B0DDC00374F8E /* DetailViewController.swift in Sources */ = {isa = PBXBuildFile; fileRef = 9F416693289B0DDC00374F8E /* DetailViewController.swift */; };
		9F416696289C046000374F8E /* OneCoinModel.swift in Sources */ = {isa = PBXBuildFile; fileRef = 9F416695289C045F00374F8E /* OneCoinModel.swift */; };
		9F41669C28A9523E00374F8E /* NetworkError.swift in Sources */ = {isa = PBXBuildFile; fileRef = 9F41669B28A9523E00374F8E /* NetworkError.swift */; };
		9F47851828B3A3EA004029F1 /* CoinsViewModel.swift in Sources */ = {isa = PBXBuildFile; fileRef = 9F47851728B3A3EA004029F1 /* CoinsViewModel.swift */; };
		9F47851A28B3A400004029F1 /* CoinsViewControllerBuilder.swift in Sources */ = {isa = PBXBuildFile; fileRef = 9F47851928B3A400004029F1 /* CoinsViewControllerBuilder.swift */; };
		9F47851D28B79848004029F1 /* ModalViewModel.swift in Sources */ = {isa = PBXBuildFile; fileRef = 9F47851C28B79848004029F1 /* ModalViewModel.swift */; };
		9F47851F28B7985D004029F1 /* ModalViewControllerBuilder.swift in Sources */ = {isa = PBXBuildFile; fileRef = 9F47851E28B7985D004029F1 /* ModalViewControllerBuilder.swift */; };
		9F8ED09F28B37476001E0D6B /* DetailViewModel.swift in Sources */ = {isa = PBXBuildFile; fileRef = 9F8ED09E28B37475001E0D6B /* DetailViewModel.swift */; };
		9F8ED0A328B37E4F001E0D6B /* DetailsViewControllerBuilder.swift in Sources */ = {isa = PBXBuildFile; fileRef = 9F8ED0A228B37E4F001E0D6B /* DetailsViewControllerBuilder.swift */; };
		9FBC734628AA366B001F7CE6 /* BackgroundViewController.swift in Sources */ = {isa = PBXBuildFile; fileRef = 9FBC734528AA366B001F7CE6 /* BackgroundViewController.swift */; };
/* End PBXBuildFile section */

/* Begin PBXFileReference section */
		9F41664C288D2CDD00374F8E /* BestCryptoWallet.app */ = {isa = PBXFileReference; explicitFileType = wrapper.application; includeInIndex = 0; path = BestCryptoWallet.app; sourceTree = BUILT_PRODUCTS_DIR; };
		9F41664F288D2CDD00374F8E /* AppDelegate.swift */ = {isa = PBXFileReference; lastKnownFileType = sourcecode.swift; path = AppDelegate.swift; sourceTree = "<group>"; };
		9F416651288D2CDD00374F8E /* SceneDelegate.swift */ = {isa = PBXFileReference; lastKnownFileType = sourcecode.swift; path = SceneDelegate.swift; sourceTree = "<group>"; };
		9F416658288D2CDF00374F8E /* Assets.xcassets */ = {isa = PBXFileReference; lastKnownFileType = folder.assetcatalog; path = Assets.xcassets; sourceTree = "<group>"; };
		9F41665B288D2CDF00374F8E /* Base */ = {isa = PBXFileReference; lastKnownFileType = file.storyboard; name = Base; path = Base.lproj/LaunchScreen.storyboard; sourceTree = "<group>"; };
		9F41665D288D2CDF00374F8E /* Info.plist */ = {isa = PBXFileReference; lastKnownFileType = text.plist.xml; path = Info.plist; sourceTree = "<group>"; };
		9F416667288D307600374F8E /* LoginViewController.swift */ = {isa = PBXFileReference; lastKnownFileType = sourcecode.swift; path = LoginViewController.swift; sourceTree = "<group>"; };
		9F41666A288D7B1E00374F8E /* LoginView.swift */ = {isa = PBXFileReference; lastKnownFileType = sourcecode.swift; path = LoginView.swift; sourceTree = "<group>"; };
		9F41666F2892535300374F8E /* UserDataModel.swift */ = {isa = PBXFileReference; lastKnownFileType = sourcecode.swift; path = UserDataModel.swift; sourceTree = "<group>"; };
		9F416671289274C700374F8E /* MainTabBarController.swift */ = {isa = PBXFileReference; lastKnownFileType = sourcecode.swift; path = MainTabBarController.swift; sourceTree = "<group>"; };
		9F4166752892832900374F8E /* ProfileViewController.swift */ = {isa = PBXFileReference; lastKnownFileType = sourcecode.swift; path = ProfileViewController.swift; sourceTree = "<group>"; };
		9F41667C2892BF8A00374F8E /* NetworkService.swift */ = {isa = PBXFileReference; fileEncoding = 4; lastKnownFileType = sourcecode.swift; path = NetworkService.swift; sourceTree = "<group>"; };
		9F41667D2892BF8A00374F8E /* DataFetcherService.swift */ = {isa = PBXFileReference; fileEncoding = 4; lastKnownFileType = sourcecode.swift; path = DataFetcherService.swift; sourceTree = "<group>"; };
		9F41667E2892BF8A00374F8E /* NetworkDataFetcher.swift */ = {isa = PBXFileReference; fileEncoding = 4; lastKnownFileType = sourcecode.swift; path = NetworkDataFetcher.swift; sourceTree = "<group>"; };
		9F41668228931FB400374F8E /* CoinsModel.swift */ = {isa = PBXFileReference; lastKnownFileType = sourcecode.swift; path = CoinsModel.swift; sourceTree = "<group>"; };
		9F4166852893A67C00374F8E /* CoinsTableViewCell.swift */ = {isa = PBXFileReference; lastKnownFileType = sourcecode.swift; path = CoinsTableViewCell.swift; sourceTree = "<group>"; };
		9F4166872893A98C00374F8E /* CoinsViewController.swift */ = {isa = PBXFileReference; lastKnownFileType = sourcecode.swift; path = CoinsViewController.swift; sourceTree = "<group>"; };
		9F41668B2895BDB900374F8E /* SortBy.swift */ = {isa = PBXFileReference; lastKnownFileType = sourcecode.swift; path = SortBy.swift; sourceTree = "<group>"; };
		9F41668F289966FF00374F8E /* ModalViewController.swift */ = {isa = PBXFileReference; lastKnownFileType = sourcecode.swift; path = ModalViewController.swift; sourceTree = "<group>"; };
		9F4166912899B6F700374F8E /* SortViewCell.swift */ = {isa = PBXFileReference; lastKnownFileType = sourcecode.swift; path = SortViewCell.swift; sourceTree = "<group>"; };
		9F416693289B0DDC00374F8E /* DetailViewController.swift */ = {isa = PBXFileReference; lastKnownFileType = sourcecode.swift; path = DetailViewController.swift; sourceTree = "<group>"; };
		9F416695289C045F00374F8E /* OneCoinModel.swift */ = {isa = PBXFileReference; lastKnownFileType = sourcecode.swift; path = OneCoinModel.swift; sourceTree = "<group>"; };
		9F41669B28A9523E00374F8E /* NetworkError.swift */ = {isa = PBXFileReference; lastKnownFileType = sourcecode.swift; path = NetworkError.swift; sourceTree = "<group>"; };
		9F47851728B3A3EA004029F1 /* CoinsViewModel.swift */ = {isa = PBXFileReference; lastKnownFileType = sourcecode.swift; path = CoinsViewModel.swift; sourceTree = "<group>"; };
		9F47851928B3A400004029F1 /* CoinsViewControllerBuilder.swift */ = {isa = PBXFileReference; lastKnownFileType = sourcecode.swift; path = CoinsViewControllerBuilder.swift; sourceTree = "<group>"; };
		9F47851C28B79848004029F1 /* ModalViewModel.swift */ = {isa = PBXFileReference; lastKnownFileType = sourcecode.swift; path = ModalViewModel.swift; sourceTree = "<group>"; };
		9F47851E28B7985D004029F1 /* ModalViewControllerBuilder.swift */ = {isa = PBXFileReference; lastKnownFileType = sourcecode.swift; path = ModalViewControllerBuilder.swift; sourceTree = "<group>"; };
		9F8ED09E28B37475001E0D6B /* DetailViewModel.swift */ = {isa = PBXFileReference; lastKnownFileType = sourcecode.swift; path = DetailViewModel.swift; sourceTree = "<group>"; };
		9F8ED0A228B37E4F001E0D6B /* DetailsViewControllerBuilder.swift */ = {isa = PBXFileReference; lastKnownFileType = sourcecode.swift; path = DetailsViewControllerBuilder.swift; sourceTree = "<group>"; };
		9FBC734528AA366B001F7CE6 /* BackgroundViewController.swift */ = {isa = PBXFileReference; lastKnownFileType = sourcecode.swift; path = BackgroundViewController.swift; sourceTree = "<group>"; };
/* End PBXFileReference section */

/* Begin PBXFrameworksBuildPhase section */
		9F416649288D2CDD00374F8E /* Frameworks */ = {
			isa = PBXFrameworksBuildPhase;
			buildActionMask = 2147483647;
			files = (
			);
			runOnlyForDeploymentPostprocessing = 0;
		};
/* End PBXFrameworksBuildPhase section */

/* Begin PBXGroup section */
		9F416643288D2CDD00374F8E = {
			isa = PBXGroup;
			children = (
				9F41664E288D2CDD00374F8E /* BestCryptoWallet */,
				9F41664D288D2CDD00374F8E /* Products */,
			);
			sourceTree = "<group>";
		};
		9F41664D288D2CDD00374F8E /* Products */ = {
			isa = PBXGroup;
			children = (
				9F41664C288D2CDD00374F8E /* BestCryptoWallet.app */,
			);
			name = Products;
			sourceTree = "<group>";
		};
		9F41664E288D2CDD00374F8E /* BestCryptoWallet */ = {
			isa = PBXGroup;
			children = (
				9F47851628B3A385004029F1 /* CoinsListViewController */,
				9F47851B28B79825004029F1 /* ModalViewController */,
				9F8ED09D28B37443001E0D6B /* DetailViewController */,
				9F416666288D2E8400374F8E /* View Controllers */,
				9F41667B2892BF5700374F8E /* Services */,
				9F41666E2892533F00374F8E /* Models */,
				9F416669288D7B0500374F8E /* Views */,
				9F416665288D2E7100374F8E /* LaunchScreen */,
				9F416663288D2E4200374F8E /* Supporting Files */,
				9F416664288D2E6200374F8E /* Resourses */,
			);
			path = BestCryptoWallet;
			sourceTree = "<group>";
		};
		9F416663288D2E4200374F8E /* Supporting Files */ = {
			isa = PBXGroup;
			children = (
				9F41664F288D2CDD00374F8E /* AppDelegate.swift */,
				9F416651288D2CDD00374F8E /* SceneDelegate.swift */,
				9F41665D288D2CDF00374F8E /* Info.plist */,
			);
			path = "Supporting Files";
			sourceTree = "<group>";
		};
		9F416664288D2E6200374F8E /* Resourses */ = {
			isa = PBXGroup;
			children = (
				9F416658288D2CDF00374F8E /* Assets.xcassets */,
			);
			path = Resourses;
			sourceTree = "<group>";
		};
		9F416665288D2E7100374F8E /* LaunchScreen */ = {
			isa = PBXGroup;
			children = (
				9F41665A288D2CDF00374F8E /* LaunchScreen.storyboard */,
			);
			path = LaunchScreen;
			sourceTree = "<group>";
		};
		9F416666288D2E8400374F8E /* View Controllers */ = {
			isa = PBXGroup;
			children = (
				9F416667288D307600374F8E /* LoginViewController.swift */,
				9F416671289274C700374F8E /* MainTabBarController.swift */,
				9F4166752892832900374F8E /* ProfileViewController.swift */,
				9FBC734528AA366B001F7CE6 /* BackgroundViewController.swift */,
			);
			path = "View Controllers";
			sourceTree = "<group>";
		};
		9F416669288D7B0500374F8E /* Views */ = {
			isa = PBXGroup;
			children = (
				9F4166842893A65900374F8E /* Cells */,
				9F41666A288D7B1E00374F8E /* LoginView.swift */,
			);
			path = Views;
			sourceTree = "<group>";
		};
		9F41666E2892533F00374F8E /* Models */ = {
			isa = PBXGroup;
			children = (
				9F41666F2892535300374F8E /* UserDataModel.swift */,
				9F41668228931FB400374F8E /* CoinsModel.swift */,
				9F41668B2895BDB900374F8E /* SortBy.swift */,
				9F416695289C045F00374F8E /* OneCoinModel.swift */,
			);
			path = Models;
			sourceTree = "<group>";
		};
		9F41667B2892BF5700374F8E /* Services */ = {
			isa = PBXGroup;
			children = (
				9F41667D2892BF8A00374F8E /* DataFetcherService.swift */,
				9F41667E2892BF8A00374F8E /* NetworkDataFetcher.swift */,
				9F41667C2892BF8A00374F8E /* NetworkService.swift */,
				9F41669B28A9523E00374F8E /* NetworkError.swift */,
			);
			path = Services;
			sourceTree = "<group>";
		};
		9F4166842893A65900374F8E /* Cells */ = {
			isa = PBXGroup;
			children = (
				9F4166852893A67C00374F8E /* CoinsTableViewCell.swift */,
				9F4166912899B6F700374F8E /* SortViewCell.swift */,
			);
			path = Cells;
			sourceTree = "<group>";
		};
		9F47851628B3A385004029F1 /* CoinsListViewController */ = {
			isa = PBXGroup;
			children = (
				9F4166872893A98C00374F8E /* CoinsViewController.swift */,
				9F47851728B3A3EA004029F1 /* CoinsViewModel.swift */,
				9F47851928B3A400004029F1 /* CoinsViewControllerBuilder.swift */,
			);
			path = CoinsListViewController;
			sourceTree = "<group>";
		};
		9F47851B28B79825004029F1 /* ModalViewController */ = {
			isa = PBXGroup;
			children = (
				9F41668F289966FF00374F8E /* ModalViewController.swift */,
				9F47851C28B79848004029F1 /* ModalViewModel.swift */,
				9F47851E28B7985D004029F1 /* ModalViewControllerBuilder.swift */,
			);
			path = ModalViewController;
			sourceTree = "<group>";
		};
		9F8ED09D28B37443001E0D6B /* DetailViewController */ = {
			isa = PBXGroup;
			children = (
				9F416693289B0DDC00374F8E /* DetailViewController.swift */,
				9F8ED09E28B37475001E0D6B /* DetailViewModel.swift */,
				9F8ED0A228B37E4F001E0D6B /* DetailsViewControllerBuilder.swift */,
			);
			path = DetailViewController;
			sourceTree = "<group>";
		};
/* End PBXGroup section */

/* Begin PBXNativeTarget section */
		9F41664B288D2CDD00374F8E /* BestCryptoWallet */ = {
			isa = PBXNativeTarget;
			buildConfigurationList = 9F416660288D2CDF00374F8E /* Build configuration list for PBXNativeTarget "BestCryptoWallet" */;
			buildPhases = (
				9F416648288D2CDD00374F8E /* Sources */,
				9F416649288D2CDD00374F8E /* Frameworks */,
				9F41664A288D2CDD00374F8E /* Resources */,
			);
			buildRules = (
			);
			dependencies = (
			);
			name = BestCryptoWallet;
			productName = BestCryptoWallet;
			productReference = 9F41664C288D2CDD00374F8E /* BestCryptoWallet.app */;
			productType = "com.apple.product-type.application";
		};
/* End PBXNativeTarget section */

/* Begin PBXProject section */
		9F416644288D2CDD00374F8E /* Project object */ = {
			isa = PBXProject;
			attributes = {
				BuildIndependentTargetsInParallel = 1;
				LastSwiftUpdateCheck = 1330;
				LastUpgradeCheck = 1330;
				TargetAttributes = {
					9F41664B288D2CDD00374F8E = {
						CreatedOnToolsVersion = 13.3;
					};
				};
			};
			buildConfigurationList = 9F416647288D2CDD00374F8E /* Build configuration list for PBXProject "BestCryptoWallet" */;
			compatibilityVersion = "Xcode 13.0";
			developmentRegion = en;
			hasScannedForEncodings = 0;
			knownRegions = (
				en,
				Base,
			);
			mainGroup = 9F416643288D2CDD00374F8E;
			productRefGroup = 9F41664D288D2CDD00374F8E /* Products */;
			projectDirPath = "";
			projectRoot = "";
			targets = (
				9F41664B288D2CDD00374F8E /* BestCryptoWallet */,
			);
		};
/* End PBXProject section */

/* Begin PBXResourcesBuildPhase section */
		9F41664A288D2CDD00374F8E /* Resources */ = {
			isa = PBXResourcesBuildPhase;
			buildActionMask = 2147483647;
			files = (
				9F41665C288D2CDF00374F8E /* LaunchScreen.storyboard in Resources */,
				9F416659288D2CDF00374F8E /* Assets.xcassets in Resources */,
			);
			runOnlyForDeploymentPostprocessing = 0;
		};
/* End PBXResourcesBuildPhase section */

/* Begin PBXSourcesBuildPhase section */
		9F416648288D2CDD00374F8E /* Sources */ = {
			isa = PBXSourcesBuildPhase;
			buildActionMask = 2147483647;
			files = (
				9F416690289966FF00374F8E /* ModalViewController.swift in Sources */,
				9F4166862893A67D00374F8E /* CoinsTableViewCell.swift in Sources */,
				9F47851D28B79848004029F1 /* ModalViewModel.swift in Sources */,
				9F4166812892BF8A00374F8E /* NetworkDataFetcher.swift in Sources */,
				9F41667F2892BF8A00374F8E /* NetworkService.swift in Sources */,
				9F8ED0A328B37E4F001E0D6B /* DetailsViewControllerBuilder.swift in Sources */,
				9F416668288D307600374F8E /* LoginViewController.swift in Sources */,
				9F416650288D2CDD00374F8E /* AppDelegate.swift in Sources */,
				9F47851828B3A3EA004029F1 /* CoinsViewModel.swift in Sources */,
				9F416672289274C700374F8E /* MainTabBarController.swift in Sources */,
				9F4166702892535300374F8E /* UserDataModel.swift in Sources */,
				9F47851A28B3A400004029F1 /* CoinsViewControllerBuilder.swift in Sources */,
				9F4166802892BF8A00374F8E /* DataFetcherService.swift in Sources */,
				9F8ED09F28B37476001E0D6B /* DetailViewModel.swift in Sources */,
				9F41669C28A9523E00374F8E /* NetworkError.swift in Sources */,
				9F416694289B0DDC00374F8E /* DetailViewController.swift in Sources */,
				9FBC734628AA366B001F7CE6 /* BackgroundViewController.swift in Sources */,
				9F41668C2895BDB900374F8E /* SortBy.swift in Sources */,
				9F41666B288D7B1E00374F8E /* LoginView.swift in Sources */,
				9F4166922899B6F700374F8E /* SortViewCell.swift in Sources */,
				9F47851F28B7985D004029F1 /* ModalViewControllerBuilder.swift in Sources */,
				9F416652288D2CDD00374F8E /* SceneDelegate.swift in Sources */,
				9F4166882893A98C00374F8E /* CoinsViewController.swift in Sources */,
				9F4166762892832900374F8E /* ProfileViewController.swift in Sources */,
				9F416696289C046000374F8E /* OneCoinModel.swift in Sources */,
				9F41668328931FB400374F8E /* CoinsModel.swift in Sources */,
			);
			runOnlyForDeploymentPostprocessing = 0;
		};
/* End PBXSourcesBuildPhase section */

/* Begin PBXVariantGroup section */
		9F41665A288D2CDF00374F8E /* LaunchScreen.storyboard */ = {
			isa = PBXVariantGroup;
			children = (
				9F41665B288D2CDF00374F8E /* Base */,
			);
			name = LaunchScreen.storyboard;
			sourceTree = "<group>";
		};
/* End PBXVariantGroup section */

/* Begin XCBuildConfiguration section */
		9F41665E288D2CDF00374F8E /* Debug */ = {
			isa = XCBuildConfiguration;
			buildSettings = {
				ALWAYS_SEARCH_USER_PATHS = NO;
				CLANG_ANALYZER_NONNULL = YES;
				CLANG_ANALYZER_NUMBER_OBJECT_CONVERSION = YES_AGGRESSIVE;
				CLANG_CXX_LANGUAGE_STANDARD = "gnu++17";
				CLANG_ENABLE_MODULES = YES;
				CLANG_ENABLE_OBJC_ARC = YES;
				CLANG_ENABLE_OBJC_WEAK = YES;
				CLANG_WARN_BLOCK_CAPTURE_AUTORELEASING = YES;
				CLANG_WARN_BOOL_CONVERSION = YES;
				CLANG_WARN_COMMA = YES;
				CLANG_WARN_CONSTANT_CONVERSION = YES;
				CLANG_WARN_DEPRECATED_OBJC_IMPLEMENTATIONS = YES;
				CLANG_WARN_DIRECT_OBJC_ISA_USAGE = YES_ERROR;
				CLANG_WARN_DOCUMENTATION_COMMENTS = YES;
				CLANG_WARN_EMPTY_BODY = YES;
				CLANG_WARN_ENUM_CONVERSION = YES;
				CLANG_WARN_INFINITE_RECURSION = YES;
				CLANG_WARN_INT_CONVERSION = YES;
				CLANG_WARN_NON_LITERAL_NULL_CONVERSION = YES;
				CLANG_WARN_OBJC_IMPLICIT_RETAIN_SELF = YES;
				CLANG_WARN_OBJC_LITERAL_CONVERSION = YES;
				CLANG_WARN_OBJC_ROOT_CLASS = YES_ERROR;
				CLANG_WARN_QUOTED_INCLUDE_IN_FRAMEWORK_HEADER = YES;
				CLANG_WARN_RANGE_LOOP_ANALYSIS = YES;
				CLANG_WARN_STRICT_PROTOTYPES = YES;
				CLANG_WARN_SUSPICIOUS_MOVE = YES;
				CLANG_WARN_UNGUARDED_AVAILABILITY = YES_AGGRESSIVE;
				CLANG_WARN_UNREACHABLE_CODE = YES;
				CLANG_WARN__DUPLICATE_METHOD_MATCH = YES;
				COPY_PHASE_STRIP = NO;
				DEBUG_INFORMATION_FORMAT = dwarf;
				ENABLE_STRICT_OBJC_MSGSEND = YES;
				ENABLE_TESTABILITY = YES;
				GCC_C_LANGUAGE_STANDARD = gnu11;
				GCC_DYNAMIC_NO_PIC = NO;
				GCC_NO_COMMON_BLOCKS = YES;
				GCC_OPTIMIZATION_LEVEL = 0;
				GCC_PREPROCESSOR_DEFINITIONS = (
					"DEBUG=1",
					"$(inherited)",
				);
				GCC_WARN_64_TO_32_BIT_CONVERSION = YES;
				GCC_WARN_ABOUT_RETURN_TYPE = YES_ERROR;
				GCC_WARN_UNDECLARED_SELECTOR = YES;
				GCC_WARN_UNINITIALIZED_AUTOS = YES_AGGRESSIVE;
				GCC_WARN_UNUSED_FUNCTION = YES;
				GCC_WARN_UNUSED_VARIABLE = YES;
				IPHONEOS_DEPLOYMENT_TARGET = 15.4;
				MTL_ENABLE_DEBUG_INFO = INCLUDE_SOURCE;
				MTL_FAST_MATH = YES;
				ONLY_ACTIVE_ARCH = YES;
				SDKROOT = iphoneos;
				SWIFT_ACTIVE_COMPILATION_CONDITIONS = DEBUG;
				SWIFT_OPTIMIZATION_LEVEL = "-Onone";
			};
			name = Debug;
		};
		9F41665F288D2CDF00374F8E /* Release */ = {
			isa = XCBuildConfiguration;
			buildSettings = {
				ALWAYS_SEARCH_USER_PATHS = NO;
				CLANG_ANALYZER_NONNULL = YES;
				CLANG_ANALYZER_NUMBER_OBJECT_CONVERSION = YES_AGGRESSIVE;
				CLANG_CXX_LANGUAGE_STANDARD = "gnu++17";
				CLANG_ENABLE_MODULES = YES;
				CLANG_ENABLE_OBJC_ARC = YES;
				CLANG_ENABLE_OBJC_WEAK = YES;
				CLANG_WARN_BLOCK_CAPTURE_AUTORELEASING = YES;
				CLANG_WARN_BOOL_CONVERSION = YES;
				CLANG_WARN_COMMA = YES;
				CLANG_WARN_CONSTANT_CONVERSION = YES;
				CLANG_WARN_DEPRECATED_OBJC_IMPLEMENTATIONS = YES;
				CLANG_WARN_DIRECT_OBJC_ISA_USAGE = YES_ERROR;
				CLANG_WARN_DOCUMENTATION_COMMENTS = YES;
				CLANG_WARN_EMPTY_BODY = YES;
				CLANG_WARN_ENUM_CONVERSION = YES;
				CLANG_WARN_INFINITE_RECURSION = YES;
				CLANG_WARN_INT_CONVERSION = YES;
				CLANG_WARN_NON_LITERAL_NULL_CONVERSION = YES;
				CLANG_WARN_OBJC_IMPLICIT_RETAIN_SELF = YES;
				CLANG_WARN_OBJC_LITERAL_CONVERSION = YES;
				CLANG_WARN_OBJC_ROOT_CLASS = YES_ERROR;
				CLANG_WARN_QUOTED_INCLUDE_IN_FRAMEWORK_HEADER = YES;
				CLANG_WARN_RANGE_LOOP_ANALYSIS = YES;
				CLANG_WARN_STRICT_PROTOTYPES = YES;
				CLANG_WARN_SUSPICIOUS_MOVE = YES;
				CLANG_WARN_UNGUARDED_AVAILABILITY = YES_AGGRESSIVE;
				CLANG_WARN_UNREACHABLE_CODE = YES;
				CLANG_WARN__DUPLICATE_METHOD_MATCH = YES;
				COPY_PHASE_STRIP = NO;
				DEBUG_INFORMATION_FORMAT = "dwarf-with-dsym";
				ENABLE_NS_ASSERTIONS = NO;
				ENABLE_STRICT_OBJC_MSGSEND = YES;
				GCC_C_LANGUAGE_STANDARD = gnu11;
				GCC_NO_COMMON_BLOCKS = YES;
				GCC_WARN_64_TO_32_BIT_CONVERSION = YES;
				GCC_WARN_ABOUT_RETURN_TYPE = YES_ERROR;
				GCC_WARN_UNDECLARED_SELECTOR = YES;
				GCC_WARN_UNINITIALIZED_AUTOS = YES_AGGRESSIVE;
				GCC_WARN_UNUSED_FUNCTION = YES;
				GCC_WARN_UNUSED_VARIABLE = YES;
				IPHONEOS_DEPLOYMENT_TARGET = 15.4;
				MTL_ENABLE_DEBUG_INFO = NO;
				MTL_FAST_MATH = YES;
				SDKROOT = iphoneos;
				SWIFT_COMPILATION_MODE = wholemodule;
				SWIFT_OPTIMIZATION_LEVEL = "-O";
				VALIDATE_PRODUCT = YES;
			};
			name = Release;
		};
		9F416661288D2CDF00374F8E /* Debug */ = {
			isa = XCBuildConfiguration;
			buildSettings = {
				ASSETCATALOG_COMPILER_APPICON_NAME = AppIcon;
				ASSETCATALOG_COMPILER_GLOBAL_ACCENT_COLOR_NAME = AccentColor;
				CLANG_OPTIMIZATION_PROFILE_FILE = "Users/lyubovmenshikova/Desktop/Стажировка в Anderson/Best Crypto Wallet/BestCryptoWallet/OptimizationProfiles/BestCryptoWallet.profdata";
				CODE_SIGN_STYLE = Automatic;
				CURRENT_PROJECT_VERSION = 1;
				DEVELOPMENT_TEAM = 96QG56R7V3;
				GENERATE_INFOPLIST_FILE = YES;
				INFOPLIST_FILE = "BestCryptoWallet/Supporting Files/Info.plist";
				INFOPLIST_KEY_UIApplicationSupportsIndirectInputEvents = YES;
				INFOPLIST_KEY_UILaunchStoryboardName = LaunchScreen;
				INFOPLIST_KEY_UISupportedInterfaceOrientations_iPad = "UIInterfaceOrientationPortrait UIInterfaceOrientationPortraitUpsideDown UIInterfaceOrientationLandscapeLeft UIInterfaceOrientationLandscapeRight";
				INFOPLIST_KEY_UISupportedInterfaceOrientations_iPhone = "UIInterfaceOrientationPortrait UIInterfaceOrientationLandscapeLeft UIInterfaceOrientationLandscapeRight";
				LD_RUNPATH_SEARCH_PATHS = (
					"$(inherited)",
					"@executable_path/Frameworks",
				);
				MARKETING_VERSION = 1.0;
				PRODUCT_BUNDLE_IDENTIFIER = LyubovMenshikova.BestCryptoWallet;
				PRODUCT_NAME = "$(TARGET_NAME)";
				SWIFT_EMIT_LOC_STRINGS = YES;
				SWIFT_VERSION = 5.0;
				TARGETED_DEVICE_FAMILY = "1,2";
			};
			name = Debug;
		};
		9F416662288D2CDF00374F8E /* Release */ = {
			isa = XCBuildConfiguration;
			buildSettings = {
				ASSETCATALOG_COMPILER_APPICON_NAME = AppIcon;
				ASSETCATALOG_COMPILER_GLOBAL_ACCENT_COLOR_NAME = AccentColor;
				CLANG_OPTIMIZATION_PROFILE_FILE = "Users/lyubovmenshikova/Desktop/Стажировка в Anderson/Best Crypto Wallet/BestCryptoWallet/OptimizationProfiles/BestCryptoWallet.profdata";
				CODE_SIGN_STYLE = Automatic;
				CURRENT_PROJECT_VERSION = 1;
				DEVELOPMENT_TEAM = 96QG56R7V3;
				GENERATE_INFOPLIST_FILE = YES;
				INFOPLIST_FILE = "BestCryptoWallet/Supporting Files/Info.plist";
				INFOPLIST_KEY_UIApplicationSupportsIndirectInputEvents = YES;
				INFOPLIST_KEY_UILaunchStoryboardName = LaunchScreen;
				INFOPLIST_KEY_UISupportedInterfaceOrientations_iPad = "UIInterfaceOrientationPortrait UIInterfaceOrientationPortraitUpsideDown UIInterfaceOrientationLandscapeLeft UIInterfaceOrientationLandscapeRight";
				INFOPLIST_KEY_UISupportedInterfaceOrientations_iPhone = "UIInterfaceOrientationPortrait UIInterfaceOrientationLandscapeLeft UIInterfaceOrientationLandscapeRight";
				LD_RUNPATH_SEARCH_PATHS = (
					"$(inherited)",
					"@executable_path/Frameworks",
				);
				MARKETING_VERSION = 1.0;
				PRODUCT_BUNDLE_IDENTIFIER = LyubovMenshikova.BestCryptoWallet;
				PRODUCT_NAME = "$(TARGET_NAME)";
				SWIFT_EMIT_LOC_STRINGS = YES;
				SWIFT_VERSION = 5.0;
				TARGETED_DEVICE_FAMILY = "1,2";
			};
			name = Release;
		};
/* End XCBuildConfiguration section */

/* Begin XCConfigurationList section */
		9F416647288D2CDD00374F8E /* Build configuration list for PBXProject "BestCryptoWallet" */ = {
			isa = XCConfigurationList;
			buildConfigurations = (
				9F41665E288D2CDF00374F8E /* Debug */,
				9F41665F288D2CDF00374F8E /* Release */,
			);
			defaultConfigurationIsVisible = 0;
			defaultConfigurationName = Release;
		};
		9F416660288D2CDF00374F8E /* Build configuration list for PBXNativeTarget "BestCryptoWallet" */ = {
			isa = XCConfigurationList;
			buildConfigurations = (
				9F416661288D2CDF00374F8E /* Debug */,
				9F416662288D2CDF00374F8E /* Release */,
			);
			defaultConfigurationIsVisible = 0;
			defaultConfigurationName = Release;
		};
/* End XCConfigurationList section */
	};
	rootObject = 9F416644288D2CDD00374F8E /* Project object */;
}
